{
  "nodes": {
    "nixpkgs": {
      "locked": {
        "lastModified": 1638311073,
        "narHash": "sha256-lxgtZghrhEFXJPVLUG/3axAjNwGjFSHottrBUC0QT+Y=",
        "owner": "NixOS",
        "repo": "nixpkgs",
        "rev": "6bfd8c700febc19fb8d0e3b6a6cc282228707d14",
        "type": "github"
      },
      "original": {
        "owner": "NixOS",
        "ref": "release-21.11",
        "repo": "nixpkgs",
        "type": "github"
      }
    },
    "root": {
      "inputs": {
        "nixpkgs": "nixpkgs"
      }
    }
  },
  "root": "root",
  "version": 7
}
